// !$*UTF8*$!
{
	archiveVersion = 1;
	classes = {
	};
	objectVersion = 77;
	objects = {

/* Begin PBXContainerItemProxy section */
		CE84D4DA302D90C700D41AB2 /* PBXContainerItemProxy */ = {
			isa = PBXContainerItemProxy;
			containerPortal = CE84D4BF302D90C400D41AB2 /* Project object */;
			proxyType = 1;
			remoteGlobalIDString = CE84D4C6302D90C400D41AB2;
			remoteInfo = Memora;
		};
		CE84D4E4302D90C700D41AB2 /* PBXContainerItemProxy */ = {
			isa = PBXContainerItemProxy;
			containerPortal = CE84D4BF302D90C400D41AB2 /* Project object */;
			proxyType = 1;
			remoteGlobalIDString = CE84D4C6302D90C400D41AB2;
			remoteInfo = Memora;
		};
/* End PBXContainerItemProxy section */

/* Begin PBXFileReference section */
		CE84D4C7302D90C400D41AB2 /* Memora.app */ = {isa = PBXFileReference; explicitFileType = wrapper.application; includeInIndex = 0; path = Memora.app; sourceTree = BUILT_PRODUCTS_DIR; };
		CE84D4D9302D90C700D41AB2 /* MemoraTests.xctest */ = {isa = PBXFileReference; explicitFileType = wrapper.cfbundle; includeInIndex = 0; path = MemoraTests.xctest; sourceTree = BUILT_PRODUCTS_DIR; };
		CE84D4E3302D90C700D41AB2 /* MemoraUITests.xctest */ = {isa = PBXFileReference; explicitFileType = wrapper.cfbundle; includeInIndex = 0; path = MemoraUITests.xctest; sourceTree = BUILT_PRODUCTS_DIR; };
/* End PBXFileReference section */

/* Begin PBXFileSystemSynchronizedBuildFileExceptionSet section */
		CE4CC5BB302DF4E9005AB0F7 /* Exceptions for "Memora" folder in "Memora" target */ = {
			isa = PBXFileSystemSynchronizedBuildFileExceptionSet;
			membershipExceptions = (
				Info.plist,
			);
			target = CE84D4C6302D90C400D41AB2 /* Memora */;
		};
/* End PBXFileSystemSynchronizedBuildFileExceptionSet section */

/* Begin PBXFileSystemSynchronizedRootGroup section */
		CE84D4C9302D90C400D41AB2 /* Memora */ = {
			isa = PBXFileSystemSynchronizedRootGroup;
			exceptions = (
				CE4CC5BB302DF4E9005AB0F7 /* Exceptions for "Memora" folder in "Memora" target */,
			);
			path = Memora;
			sourceTree = "<group>";
		};
		CE84D4DC302D90C700D41AB2 /* MemoraTests */ = {
			isa = PBXFileSystemSynchronizedRootGroup;
			path = MemoraTests;
			sourceTree = "<group>";
		};
		CE84D4E6302D90C700D41AB2 /* MemoraUITests */ = {
			isa = PBXFileSystemSynchronizedRootGroup;
			path = MemoraUITests;
			sourceTree = "<group>";
		};
/* End PBXFileSystemSynchronizedRootGroup section */

/* Begin PBXFrameworksBuildPhase section */
		CE84D4C4302D90C400D41AB2 /* Frameworks */ = {
			isa = PBXFrameworksBuildPhase;
			buildActionMask = 2147483647;
			files = (
			);
			runOnlyForDeploymentPostprocessing = 0;
		};
		CE84D4D6302D90C700D41AB2 /* Frameworks */ = {
			isa = PBXFrameworksBuildPhase;
			buildActionMask = 2147483647;
			files = (
			);
			runOnlyForDeploymentPostprocessing = 0;
		};
		CE84D4E0302D90C700D41AB2 /* Frameworks */ = {
			isa = PBXFrameworksBuildPhase;
			buildActionMask = 2147483647;
			files = (
			);
			runOnlyForDeploymentPostprocessing = 0;
		};
/* End PBXFrameworksBuildPhase section */

/* Begin PBXGroup section */
		CE84D4BE302D90C400D41AB2 = {
			isa = PBXGroup;
			children = (
				CE84D4C9302D90C400D41AB2 /* Memora */,
				CE84D4DC302D90C700D41AB2 /* MemoraTests */,
				CE84D4E6302D90C700D41AB2 /* MemoraUITests */,
				CE84D4C8302D90C400D41AB2 /* Products */,
			);
			sourceTree = "<group>";
		};
		CE84D4C8302D90C400D41AB2 /* Products */ = {
			isa = PBXGroup;
			children = (
				CE84D4C7302D90C400D41AB2 /* Memora.app */,
				CE84D4D9302D90C700D41AB2 /* MemoraTests.xctest */,
				CE84D4E3302D90C700D41AB2 /* MemoraUITests.xctest */,
			);
			name = Products;
			sourceTree = "<group>";
		};
/* End PBXGroup section */

/* Begin PBXNativeTarget section */
		CE84D4C6302D90C400D41AB2 /* Memora */ = {
			isa = PBXNativeTarget;
			buildConfigurationList = CE84D4ED302D90C700D41AB2 /* Build configuration list for PBXNativeTarget "Memora" */;
			buildPhases = (
				CE84D4C3302D90C400D41AB2 /* Sources */,
				CE84D4C4302D90C400D41AB2 /* Frameworks */,
				CE84D4C5302D90C400D41AB2 /* Resources */,
			);
			buildRules = (
			);
			dependencies = (
			);
			fileSystemSynchronizedGroups = (
				CE84D4C9302D90C400D41AB2 /* Memora */,
			);
			name = Memora;
			packageProductDependencies = (
			);
			productName = Memora;
			productReference = CE84D4C7302D90C400D41AB2 /* Memora.app */;
			productType = "com.apple.product-type.application";
		};
		CE84D4D8302D90C700D41AB2 /* MemoraTests */ = {
			isa = PBXNativeTarget;
			buildConfigurationList = CE84D4F0302D90C700D41AB2 /* Build configuration list for PBXNativeTarget "MemoraTests" */;
			buildPhases = (
				CE84D4D5302D90C700D41AB2 /* Sources */,
				CE84D4D6302D90C700D41AB2 /* Frameworks */,
				CE84D4D7302D90C700D41AB2 /* Resources */,
			);
			buildRules = (
			);
			dependencies = (
				CE84D4DB302D90C700D41AB2 /* PBXTargetDependency */,
			);
			fileSystemSynchronizedGroups = (
				CE84D4DC302D90C700D41AB2 /* MemoraTests */,
			);
			name = MemoraTests;
			packageProductDependencies = (
			);
			productName = MemoraTests;
			productReference = CE84D4D9302D90C700D41AB2 /* MemoraTests.xctest */;
			productType = "com.apple.product-type.bundle.unit-test";
		};
		CE84D4E2302D90C700D41AB2 /* MemoraUITests */ = {
			isa = PBXNativeTarget;
			buildConfigurationList = CE84D4F3302D90C700D41AB2 /* Build configuration list for PBXNativeTarget "MemoraUITests" */;
			buildPhases = (
				CE84D4DF302D90C700D41AB2 /* Sources */,
				CE84D4E0302D90C700D41AB2 /* Frameworks */,
				CE84D4E1302D90C700D41AB2 /* Resources */,
			);
			buildRules = (
			);
			dependencies = (
				CE84D4E5302D90C700D41AB2 /* PBXTargetDependency */,
			);
			fileSystemSynchronizedGroups = (
				CE84D4E6302D90C700D41AB2 /* MemoraUITests */,
			);
			name = MemoraUITests;
			packageProductDependencies = (
			);
			productName = MemoraUITests;
			productReference = CE84D4E3302D90C700D41AB2 /* MemoraUITests.xctest */;
			productType = "com.apple.product-type.bundle.ui-testing";
		};
/* End PBXNativeTarget section */

/* Begin PBXProject section */
		CE84D4BF302D90C400D41AB2 /* Project object */ = {
			isa = PBXProject;
			attributes = {
				BuildIndependentTargetsInParallel = 1;
				LastSwiftUpdateCheck = 1620;
				LastUpgradeCheck = 1620;
				TargetAttributes = {
					CE84D4C6302D90C400D41AB2 = {
						CreatedOnToolsVersion = 16.2;
					};
					CE84D4D8302D90C700D41AB2 = {
						CreatedOnToolsVersion = 16.2;
						TestTargetID = CE84D4C6302D90C400D41AB2;
					};
					CE84D4E2302D90C700D41AB2 = {
						CreatedOnToolsVersion = 16.2;
						TestTargetID = CE84D4C6302D90C400D41AB2;
					};
				};
			};
			buildConfigurationList = CE84D4C2302D90C400D41AB2 /* Build configuration list for PBXProject "Memora" */;
			developmentRegion = en;
			hasScannedForEncodings = 0;
			knownRegions = (
				en,
				Base,
			);
			mainGroup = CE84D4BE302D90C400D41AB2;
			minimizedProjectReferenceProxies = 1;
			preferredProjectObjectVersion = 77;
			productRefGroup = CE84D4C8302D90C400D41AB2 /* Products */;
			projectDirPath = "";
			projectRoot = "";
			targets = (
				CE84D4C6302D90C400D41AB2 /* Memora */,
				CE84D4D8302D90C700D41AB2 /* MemoraTests */,
				CE84D4E2302D90C700D41AB2 /* MemoraUITests */,
			);
		};
/* End PBXProject section */

/* Begin PBXResourcesBuildPhase section */
		CE84D4C5302D90C400D41AB2 /* Resources */ = {
			isa = PBXResourcesBuildPhase;
			buildActionMask = 2147483647;
			files = (
			);
			runOnlyForDeploymentPostprocessing = 0;
		};
		CE84D4D7302D90C700D41AB2 /* Resources */ = {
			isa = PBXResourcesBuildPhase;
			buildActionMask = 2147483647;
			files = (
			);
			runOnlyForDeploymentPostprocessing = 0;
		};
		CE84D4E1302D90C700D41AB2 /* Resources */ = {
			isa = PBXResourcesBuildPhase;
			buildActionMask = 2147483647;
			files = (
			);
			runOnlyForDeploymentPostprocessing = 0;
		};
/* End PBXResourcesBuildPhase section */

/* Begin PBXSourcesBuildPhase section */
		CE84D4C3302D90C400D41AB2 /* Sources */ = {
			isa = PBXSourcesBuildPhase;
			buildActionMask = 2147483647;
			files = (
			);
			runOnlyForDeploymentPostprocessing = 0;
		};
		CE84D4D5302D90C700D41AB2 /* Sources */ = {
			isa = PBXSourcesBuildPhase;
			buildActionMask = 2147483647;
			files = (
			);
			runOnlyForDeploymentPostprocessing = 0;
		};
		CE84D4DF302D90C700D41AB2 /* Sources */ = {
			isa = PBXSourcesBuildPhase;
			buildActionMask = 2147483647;
			files = (
			);
			runOnlyForDeploymentPostprocessing = 0;
		};
/* End PBXSourcesBuildPhase section */

/* Begin PBXTargetDependency section */
		CE84D4DB302D90C700D41AB2 /* PBXTargetDependency */ = {
			isa = PBXTargetDependency;
			target = CE84D4C6302D90C400D41AB2 /* Memora */;
			targetProxy = CE84D4DA302D90C700D41AB2 /* PBXContainerItemProxy */;
		};
		CE84D4E5302D90C700D41AB2 /* PBXTargetDependency */ = {
			isa = PBXTargetDependency;
			target = CE84D4C6302D90C400D41AB2 /* Memora */;
			targetProxy = CE84D4E4302D90C700D41AB2 /* PBXContainerItemProxy */;
		};
/* End PBXTargetDependency section */

/* Begin XCBuildConfiguration section */
		CE84D4EB302D90C700D41AB2 /* Debug */ = {
			isa = XCBuildConfiguration;
			buildSettings = {
				ALWAYS_SEARCH_USER_PATHS = NO;
				ASSETCATALOG_COMPILER_GENERATE_SWIFT_ASSET_SYMBOL_EXTENSIONS = YES;
				CLANG_ANALYZER_NONNULL = YES;
				CLANG_ANALYZER_NUMBER_OBJECT_CONVERSION = YES_AGGRESSIVE;
				CLANG_CXX_LANGUAGE_STANDARD = "gnu++20";
				CLANG_ENABLE_MODULES = YES;
				CLANG_ENABLE_OBJC_ARC = YES;
				CLANG_ENABLE_OBJC_WEAK = YES;
				CLANG_WARN_BLOCK_CAPTURE_AUTORELEASING = YES;
				CLANG_WARN_BOOL_CONVERSION = YES;
				CLANG_WARN_COMMA = YES;
				CLANG_WARN_CONSTANT_CONVERSION = YES;
				CLANG_WARN_DEPRECATED_OBJC_IMPLEMENTATIONS = YES;
				CLANG_WARN_DIRECT_OBJC_ISA_USAGE = YES_ERROR;
				CLANG_WARN_DOCUMENTATION_COMMENTS = YES;
				CLANG_WARN_EMPTY_BODY = YES;
				CLANG_WARN_ENUM_CONVERSION = YES;
				CLANG_WARN_INFINITE_RECURSION = YES;
				CLANG_WARN_INT_CONVERSION = YES;
				CLANG_WARN_NON_LITERAL_NULL_CONVERSION = YES;
				CLANG_WARN_OBJC_IMPLICIT_RETAIN_SELF = YES;
				CLANG_WARN_OBJC_LITERAL_CONVERSION = YES;
				CLANG_WARN_OBJC_ROOT_CLASS = YES_ERROR;
				CLANG_WARN_QUOTED_INCLUDE_IN_FRAMEWORK_HEADER = YES;
				CLANG_WARN_RANGE_LOOP_ANALYSIS = YES;
				CLANG_WARN_STRICT_PROTOTYPES = YES;
				CLANG_WARN_SUSPICIOUS_MOVE = YES;
				CLANG_WARN_UNGUARDED_AVAILABILITY = YES_AGGRESSIVE;
				CLANG_WARN_UNREACHABLE_CODE = YES;
				CLANG_WARN__DUPLICATE_METHOD_MATCH = YES;
				COPY_PHASE_STRIP = NO;
				DEBUG_INFORMATION_FORMAT = dwarf;
				ENABLE_STRICT_OBJC_MSGSEND = YES;
				ENABLE_TESTABILITY = YES;
				ENABLE_USER_SCRIPT_SANDBOXING = YES;
				GCC_C_LANGUAGE_STANDARD = gnu17;
				GCC_DYNAMIC_NO_PIC = NO;
				GCC_NO_COMMON_BLOCKS = YES;
				GCC_OPTIMIZATION_LEVEL = 0;
				GCC_PREPROCESSOR_DEFINITIONS = (
					"DEBUG=1",
					"$(inherited)",
				);
				GCC_WARN_64_TO_32_BIT_CONVERSION = YES;
				GCC_WARN_ABOUT_RETURN_TYPE = YES_ERROR;
				GCC_WARN_UNDECLARED_SELECTOR = YES;
				GCC_WARN_UNINITIALIZED_AUTOS = YES_AGGRESSIVE;
				GCC_WARN_UNUSED_FUNCTION = YES;
				GCC_WARN_UNUSED_VARIABLE = YES;
				IPHONEOS_DEPLOYMENT_TARGET = 18.2;
				LOCALIZATION_PREFERS_STRING_CATALOGS = YES;
				MTL_ENABLE_DEBUG_INFO = INCLUDE_SOURCE;
				MTL_FAST_MATH = YES;
				ONLY_ACTIVE_ARCH = YES;
				SDKROOT = iphoneos;
				SWIFT_ACTIVE_COMPILATION_CONDITIONS = "DEBUG $(inherited)";
				SWIFT_OPTIMIZATION_LEVEL = "-Onone";
			};
			name = Debug;
		};
		CE84D4EC302D90C700D41AB2 /* Release */ = {
			isa = XCBuildConfiguration;
			buildSettings = {
				ALWAYS_SEARCH_USER_PATHS = NO;
				ASSETCATALOG_COMPILER_GENERATE_SWIFT_ASSET_SYMBOL_EXTENSIONS = YES;
				CLANG_ANALYZER_NONNULL = YES;
				CLANG_ANALYZER_NUMBER_OBJECT_CONVERSION = YES_AGGRESSIVE;
				CLANG_CXX_LANGUAGE_STANDARD = "gnu++20";
				CLANG_ENABLE_MODULES = YES;
				CLANG_ENABLE_OBJC_ARC = YES;
				CLANG_ENABLE_OBJC_WEAK = YES;
				CLANG_WARN_BLOCK_CAPTURE_AUTORELEASING = YES;
				CLANG_WARN_BOOL_CONVERSION = YES;
				CLANG_WARN_COMMA = YES;
				CLANG_WARN_CONSTANT_CONVERSION = YES;
				CLANG_WARN_DEPRECATED_OBJC_IMPLEMENTATIONS = YES;
				CLANG_WARN_DIRECT_OBJC_ISA_USAGE = YES_ERROR;
				CLANG_WARN_DOCUMENTATION_COMMENTS = YES;
				CLANG_WARN_EMPTY_BODY = YES;
				CLANG_WARN_ENUM_CONVERSION = YES;
				CLANG_WARN_INFINITE_RECURSION = YES;
				CLANG_WARN_INT_CONVERSION = YES;
				CLANG_WARN_NON_LITERAL_NULL_CONVERSION = YES;
				CLANG_WARN_OBJC_IMPLICIT_RETAIN_SELF = YES;
				CLANG_WARN_OBJC_LITERAL_CONVERSION = YES;
				CLANG_WARN_OBJC_ROOT_CLASS = YES_ERROR;
				CLANG_WARN_QUOTED_INCLUDE_IN_FRAMEWORK_HEADER = YES;
				CLANG_WARN_RANGE_LOOP_ANALYSIS = YES;
				CLANG_WARN_STRICT_PROTOTYPES = YES;
				CLANG_WARN_SUSPICIOUS_MOVE = YES;
				CLANG_WARN_UNGUARDED_AVAILABILITY = YES_AGGRESSIVE;
				CLANG_WARN_UNREACHABLE_CODE = YES;
				CLANG_WARN__DUPLICATE_METHOD_MATCH = YES;
				COPY_PHASE_STRIP = NO;
				DEBUG_INFORMATION_FORMAT = "dwarf-with-dsym";
				ENABLE_NS_ASSERTIONS = NO;
				ENABLE_STRICT_OBJC_MSGSEND = YES;
				ENABLE_USER_SCRIPT_SANDBOXING = YES;
				GCC_C_LANGUAGE_STANDARD = gnu17;
				GCC_NO_COMMON_BLOCKS = YES;
				GCC_WARN_64_TO_32_BIT_CONVERSION = YES;
				GCC_WARN_ABOUT_RETURN_TYPE = YES_ERROR;
				GCC_WARN_UNDECLARED_SELECTOR = YES;
				GCC_WARN_UNINITIALIZED_AUTOS = YES_AGGRESSIVE;
				GCC_WARN_UNUSED_FUNCTION = YES;
				GCC_WARN_UNUSED_VARIABLE = YES;
				IPHONEOS_DEPLOYMENT_TARGET = 18.2;
				LOCALIZATION_PREFERS_STRING_CATALOGS = YES;
				MTL_ENABLE_DEBUG_INFO = NO;
				MTL_FAST_MATH = YES;
				SDKROOT = iphoneos;
				SWIFT_COMPILATION_MODE = wholemodule;
				VALIDATE_PRODUCT = YES;
			};
			name = Release;
		};
		CE84D4EE302D90C700D41AB2 /* Debug */ = {
			isa = XCBuildConfiguration;
			buildSettings = {
				ASSETCATALOG_COMPILER_APPICON_NAME = AppIcon;
				ASSETCATALOG_COMPILER_GLOBAL_ACCENT_COLOR_NAME = AccentColor;
				CODE_SIGN_STYLE = Automatic;
				CURRENT_PROJECT_VERSION = 1;
				DEVELOPMENT_ASSET_PATHS = "\"Memora/Preview Content\"";
				DEVELOPMENT_TEAM = 7LM3NYT38S;
				ENABLE_PREVIEWS = YES;
				GENERATE_INFOPLIST_FILE = YES;
				INFOPLIST_FILE = Memora/Info.plist;
				INFOPLIST_KEY_UIAppFonts = "Fonts/PlusJakartaSans-Bold.ttf Fonts/PlusJakartaSans-Regular.ttf Fonts/PlusJakartaSans-SemiBold.ttf";
				INFOPLIST_KEY_UIApplicationSceneManifest_Generation = YES;
				INFOPLIST_KEY_UIApplicationSupportsIndirectInputEvents = YES;
				INFOPLIST_KEY_UILaunchScreen_Generation = YES;
				INFOPLIST_KEY_UISupportedInterfaceOrientations_iPad = "UIInterfaceOrientationPortrait UIInterfaceOrientationPortraitUpsideDown UIInterfaceOrientationLandscapeLeft UIInterfaceOrientationLandscapeRight";
				INFOPLIST_KEY_UISupportedInterfaceOrientations_iPhone = "UIInterfaceOrientationPortrait UIInterfaceOrientationLandscapeLeft UIInterfaceOrientationLandscapeRight";
				IPHONEOS_DEPLOYMENT_TARGET = 17.6;
				LD_RUNPATH_SEARCH_PATHS = (
					"$(inherited)",
					"@executable_path/Frameworks",
				);
				MARKETING_VERSION = 1.0;
				PRODUCT_BUNDLE_IDENTIFIER = MemoraStudy.Memora;
				PRODUCT_NAME = "$(TARGET_NAME)";
				SWIFT_EMIT_LOC_STRINGS = YES;
				SWIFT_VERSION = 5.0;
				TARGETED_DEVICE_FAMILY = "1,2";
			};
			name = Debug;
		};
		CE84D4EF302D90C700D41AB2 /* Release */ = {
			isa = XCBuildConfiguration;
			buildSettings = {
				ASSETCATALOG_COMPILER_APPICON_NAME = AppIcon;
				ASSETCATALOG_COMPILER_GLOBAL_ACCENT_COLOR_NAME = AccentColor;
				CODE_SIGN_STYLE = Automatic;
				CURRENT_PROJECT_VERSION = 1;
				DEVELOPMENT_ASSET_PATHS = "\"Memora/Preview Content\"";
				DEVELOPMENT_TEAM = 7LM3NYT38S;
				ENABLE_PREVIEWS = YES;
				GENERATE_INFOPLIST_FILE = YES;
				INFOPLIST_FILE = Memora/Info.plist;
				INFOPLIST_KEY_UIAppFonts = "Fonts/PlusJakartaSans-Bold.ttf Fonts/PlusJakartaSans-Regular.ttf Fonts/PlusJakartaSans-SemiBold.ttf";
				INFOPLIST_KEY_UIApplicationSceneManifest_Generation = YES;
				INFOPLIST_KEY_UIApplicationSupportsIndirectInputEvents = YES;
				INFOPLIST_KEY_UILaunchScreen_Generation = YES;
				INFOPLIST_KEY_UISupportedInterfaceOrientations_iPad = "UIInterfaceOrientationPortrait UIInterfaceOrientationPortraitUpsideDown UIInterfaceOrientationLandscapeLeft UIInterfaceOrientationLandscapeRight";
				INFOPLIST_KEY_UISupportedInterfaceOrientations_iPhone = "UIInterfaceOrientationPortrait UIInterfaceOrientationLandscapeLeft UIInterfaceOrientationLandscapeRight";
				IPHONEOS_DEPLOYMENT_TARGET = 17.6;
				LD_RUNPATH_SEARCH_PATHS = (
					"$(inherited)",
					"@executable_path/Frameworks",
				);
				MARKETING_VERSION = 1.0;
				PRODUCT_BUNDLE_IDENTIFIER = MemoraStudy.Memora;
				PRODUCT_NAME = "$(TARGET_NAME)";
				SWIFT_EMIT_LOC_STRINGS = YES;
				SWIFT_VERSION = 5.0;
				TARGETED_DEVICE_FAMILY = "1,2";
			};
			name = Release;
		};
		CE84D4F1302D90C700D41AB2 /* Debug */ = {
			isa = XCBuildConfiguration;
			buildSettings = {
				BUNDLE_LOADER = "$(TEST_HOST)";
				CODE_SIGN_STYLE = Automatic;
				CURRENT_PROJECT_VERSION = 1;
				GENERATE_INFOPLIST_FILE = YES;
				IPHONEOS_DEPLOYMENT_TARGET = 18.2;
				MARKETING_VERSION = 1.0;
				PRODUCT_BUNDLE_IDENTIFIER = memora.MemoraTests;
				PRODUCT_NAME = "$(TARGET_NAME)";
				SWIFT_EMIT_LOC_STRINGS = NO;
				SWIFT_VERSION = 5.0;
				TARGETED_DEVICE_FAMILY = "1,2";
				TEST_HOST = "$(BUILT_PRODUCTS_DIR)/Memora.app/$(BUNDLE_EXECUTABLE_FOLDER_PATH)/Memora";
			};
			name = Debug;
		};
		CE84D4F2302D90C700D41AB2 /* Release */ = {
			isa = XCBuildConfiguration;
			buildSettings = {
				BUNDLE_LOADER = "$(TEST_HOST)";
				CODE_SIGN_STYLE = Automatic;
				CURRENT_PROJECT_VERSION = 1;
				GENERATE_INFOPLIST_FILE = YES;
				IPHONEOS_DEPLOYMENT_TARGET = 18.2;
				MARKETING_VERSION = 1.0;
				PRODUCT_BUNDLE_IDENTIFIER = memora.MemoraTests;
				PRODUCT_NAME = "$(TARGET_NAME)";
				SWIFT_EMIT_LOC_STRINGS = NO;
				SWIFT_VERSION = 5.0;
				TARGETED_DEVICE_FAMILY = "1,2";
				TEST_HOST = "$(BUILT_PRODUCTS_DIR)/Memora.app/$(BUNDLE_EXECUTABLE_FOLDER_PATH)/Memora";
			};
			name = Release;
		};
		CE84D4F4302D90C700D41AB2 /* Debug */ = {
			isa = XCBuildConfiguration;
			buildSettings = {
				CODE_SIGN_STYLE = Automatic;
				CURRENT_PROJECT_VERSION = 1;
				GENERATE_INFOPLIST_FILE = YES;
				MARKETING_VERSION = 1.0;
				PRODUCT_BUNDLE_IDENTIFIER = memora.MemoraUITests;
				PRODUCT_NAME = "$(TARGET_NAME)";
				SWIFT_EMIT_LOC_STRINGS = NO;
				SWIFT_VERSION = 5.0;
				TARGETED_DEVICE_FAMILY = "1,2";
				TEST_TARGET_NAME = Memora;
			};
			name = Debug;
		};
		CE84D4F5302D90C700D41AB2 /* Release */ = {
			isa = XCBuildConfiguration;
			buildSettings = {
				CODE_SIGN_STYLE = Automatic;
				CURRENT_PROJECT_VERSION = 1;
				GENERATE_INFOPLIST_FILE = YES;
				MARKETING_VERSION = 1.0;
				PRODUCT_BUNDLE_IDENTIFIER = memora.MemoraUITests;
				PRODUCT_NAME = "$(TARGET_NAME)";
				SWIFT_EMIT_LOC_STRINGS = NO;
				SWIFT_VERSION = 5.0;
				TARGETED_DEVICE_FAMILY = "1,2";
				TEST_TARGET_NAME = Memora;
			};
			name = Release;
		};
/* End XCBuildConfiguration section */

/* Begin XCConfigurationList section */
		CE84D4C2302D90C400D41AB2 /* Build configuration list for PBXProject "Memora" */ = {
			isa = XCConfigurationList;
			buildConfigurations = (
				CE84D4EB302D90C700D41AB2 /* Debug */,
				CE84D4EC302D90C700D41AB2 /* Release */,
			);
			defaultConfigurationIsVisible = 0;
			defaultConfigurationName = Release;
		};
		CE84D4ED302D90C700D41AB2 /* Build configuration list for PBXNativeTarget "Memora" */ = {
			isa = XCConfigurationList;
			buildConfigurations = (
				CE84D4EE302D90C700D41AB2 /* Debug */,
				CE84D4EF302D90C700D41AB2 /* Release */,
			);
			defaultConfigurationIsVisible = 0;
			defaultConfigurationName = Release;
		};
		CE84D4F0302D90C700D41AB2 /* Build configuration list for PBXNativeTarget "MemoraTests" */ = {
			isa = XCConfigurationList;
			buildConfigurations = (
				CE84D4F1302D90C700D41AB2 /* Debug */,
				CE84D4F2302D90C700D41AB2 /* Release */,
			);
			defaultConfigurationIsVisible = 0;
			defaultConfigurationName = Release;
		};
		CE84D4F3302D90C700D41AB2 /* Build configuration list for PBXNativeTarget "MemoraUITests" */ = {
			isa = XCConfigurationList;
			buildConfigurations = (
				CE84D4F4302D90C700D41AB2 /* Debug */,
				CE84D4F5302D90C700D41AB2 /* Release */,
			);
			defaultConfigurationIsVisible = 0;
			defaultConfigurationName = Release;
		};
/* End XCConfigurationList section */
	};
	rootObject = CE84D4BF302D90C400D41AB2 /* Project object */;
}
